
Microsoft Visual Studio Solution File, Format Version 11.00
# Visual Studio 2010
Project("{FAE04EC0-301F-11D3-BF4B-00C04F79EFBC}") = "Assembly-CSharp-Editor-firstpass", "Assembly-CSharp-Editor-firstpass.csproj", "{4db55762-c222-4979-1b2d-2770075bf45d}"
EndProject
Project("{FAE04EC0-301F-11D3-BF4B-00C04F79EFBC}") = "Assembly-CSharp", "Assembly-CSharp.csproj", "{2f949c7b-d5b2-5ed8-9b6d-15f1cbfbb555}"
EndProject
Project("{FAE04EC0-301F-11D3-BF4B-00C04F79EFBC}") = "Assembly-CSharp-Editor", "Assembly-CSharp-Editor.csproj", "{a2ef8bd8-d115-56f9-c209-a0e0b781d053}"
EndProject
Project("{FAE04EC0-301F-11D3-BF4B-00C04F79EFBC}") = "Assembly-CSharp-firstpass", "Assembly-CSharp-firstpass.csproj", "{45bb144b-0a20-da95-79b4-3bd1716bbc21}"
EndProject
Global
	GlobalSection(SolutionConfigurationPlatforms) = preSolution
		Debug|Any CPU = Debug|Any CPU
	EndGlobalSection
	GlobalSection(ProjectConfigurationPlatforms) = postSolution
		{4db55762-c222-4979-1b2d-2770075bf45d}.Debug|Any CPU.ActiveCfg = Debug|Any CPU
		{4db55762-c222-4979-1b2d-2770075bf45d}.Debug|Any CPU.Build.0 = Debug|Any CPU
		{2f949c7b-d5b2-5ed8-9b6d-15f1cbfbb555}.Debug|Any CPU.ActiveCfg = Debug|Any CPU
		{2f949c7b-d5b2-5ed8-9b6d-15f1cbfbb555}.Debug|Any CPU.Build.0 = Debug|Any CPU
		{a2ef8bd8-d115-56f9-c209-a0e0b781d053}.Debug|Any CPU.ActiveCfg = Debug|Any CPU
		{a2ef8bd8-d115-56f9-c209-a0e0b781d053}.Debug|Any CPU.Build.0 = Debug|Any CPU
		{45bb144b-0a20-da95-79b4-3bd1716bbc21}.Debug|Any CPU.ActiveCfg = Debug|Any CPU
		{45bb144b-0a20-da95-79b4-3bd1716bbc21}.Debug|Any CPU.Build.0 = Debug|Any CPU
	EndGlobalSection
	GlobalSection(SolutionProperties) = preSolution
		HideSolutionNode = FALSE
	EndGlobalSection
EndGlobal
