
Microsoft Visual Studio Solution File, Format Version 12.00
# Visual Studio 15
Project("{FAE04EC0-301F-11D3-BF4B-00C04F79EFBC}") = "Unity.Timeline", "Unity.Timeline.csproj", "{6BA84003-A2E9-8360-DDB7-4C72B334FB05}"
EndProject
Project("{FAE04EC0-301F-11D3-BF4B-00C04F79EFBC}") = "Unity.RenderPipelines.GPUDriven.Runtime", "Unity.RenderPipelines.GPUDriven.Runtime.csproj", "{9A898E97-58D6-3B24-6736-36101CF494D9}"
EndProject
Project("{FAE04EC0-301F-11D3-BF4B-00C04F79EFBC}") = "Unity.PlasticSCM.Editor", "Unity.PlasticSCM.Editor.csproj", "{AA75E73D-9FE4-0CB9-2329-681C9A4619CB}"
EndProject
Project("{FAE04EC0-301F-11D3-BF4B-00C04F79EFBC}") = "Unity.2D.Aseprite.Editor", "Unity.2D.Aseprite.Editor.csproj", "{C68F9ACB-1437-B398-E626-73905D011F6E}"
EndProject
Project("{FAE04EC0-301F-11D3-BF4B-00C04F79EFBC}") = "Unity.ShaderGraph.Editor", "Unity.ShaderGraph.Editor.csproj", "{B2811BEA-644C-D089-F1C6-CF1A1A1DA9EB}"
EndProject
Project("{FAE04EC0-301F-11D3-BF4B-00C04F79EFBC}") = "Unity.RenderPipelines.Core.Runtime", "Unity.RenderPipelines.Core.Runtime.csproj", "{255BFFAB-DF4F-BE21-D9A4-2546ADECC41B}"
EndProject
Project("{FAE04EC0-301F-11D3-BF4B-00C04F79EFBC}") = "Unity.ScriptableBuildPipeline.Editor", "Unity.ScriptableBuildPipeline.Editor.csproj", "{1A1C83E3-8953-A437-4583-89F91F281507}"
EndProject
Project("{FAE04EC0-301F-11D3-BF4B-00C04F79EFBC}") = "Unity.Mathematics", "Unity.Mathematics.csproj", "{D7515BC8-0A5C-048B-4916-04E5BFC55676}"
EndProject
Project("{FAE04EC0-301F-11D3-BF4B-00C04F79EFBC}") = "Unity.Timeline.Editor", "Unity.Timeline.Editor.csproj", "{82D384E6-869A-BA4C-A663-DC29681A9FCA}"
EndProject
Project("{FAE04EC0-301F-11D3-BF4B-00C04F79EFBC}") = "Unity.Multiplayer.Center.Editor", "Unity.Multiplayer.Center.Editor.csproj", "{787BCFA6-B4D7-39E4-9482-430209E65D79}"
EndProject
Project("{FAE04EC0-301F-11D3-BF4B-00C04F79EFBC}") = "Unity.RenderPipelines.Core.Editor", "Unity.RenderPipelines.Core.Editor.csproj", "{67CEF0E2-77AA-D163-03C4-7A9C64F82071}"
EndProject
Project("{FAE04EC0-301F-11D3-BF4B-00C04F79EFBC}") = "UnityEngine.UI", "UnityEngine.UI.csproj", "{B4F25CF3-D6E8-A13E-6669-ED50349C59CB}"
EndProject
Project("{FAE04EC0-301F-11D3-BF4B-00C04F79EFBC}") = "Unity.2D.IK.Runtime", "Unity.2D.IK.Runtime.csproj", "{48989249-74D8-6EAE-A1AD-65A07AF2ABD6}"
EndProject
Project("{FAE04EC0-301F-11D3-BF4B-00C04F79EFBC}") = "Unity.Addressables.Editor", "Unity.Addressables.Editor.csproj", "{22A8A8C0-59E6-4A3E-F504-664A4B59FED8}"
EndProject
Project("{FAE04EC0-301F-11D3-BF4B-00C04F79EFBC}") = "Unity.Collections", "Unity.Collections.csproj", "{30CF0D43-19E9-67ED-9A89-761CCDCA55E4}"
EndProject
Project("{FAE04EC0-301F-11D3-BF4B-00C04F79EFBC}") = "Unity.2D.Psdimporter.Editor", "Unity.2D.Psdimporter.Editor.csproj", "{A83E5B4C-39C3-8C3F-67D2-7A079D5A840D}"
EndProject
Project("{FAE04EC0-301F-11D3-BF4B-00C04F79EFBC}") = "Unity.VisualScripting.Core.Editor", "Unity.VisualScripting.Core.Editor.csproj", "{474A944E-17A9-9933-E450-2ABEC53800D7}"
EndProject
Project("{FAE04EC0-301F-11D3-BF4B-00C04F79EFBC}") = "Unity.RenderPipelines.Universal.Editor", "Unity.RenderPipelines.Universal.Editor.csproj", "{B854AB32-5FD1-B70F-942D-79077CF6E921}"
EndProject
Project("{FAE04EC0-301F-11D3-BF4B-00C04F79EFBC}") = "Unity.RenderPipelines.Universal.2D.Runtime", "Unity.RenderPipelines.Universal.2D.Runtime.csproj", "{94DDB528-2492-9937-A568-904CA28C35F5}"
EndProject
Project("{FAE04EC0-301F-11D3-BF4B-00C04F79EFBC}") = "Unity.PerformanceTesting.Editor", "Unity.PerformanceTesting.Editor.csproj", "{F3B156CE-5CC0-4980-6585-6D72AD42731C}"
EndProject
Project("{FAE04EC0-301F-11D3-BF4B-00C04F79EFBC}") = "UnityEngine.TestRunner", "UnityEngine.TestRunner.csproj", "{AEE5EF11-D077-0DB6-C096-B87BF50DDD88}"
EndProject
Project("{FAE04EC0-301F-11D3-BF4B-00C04F79EFBC}") = "Unity.2D.Tilemap.Editor", "Unity.2D.Tilemap.Editor.csproj", "{01F1F67C-0645-6F59-664A-608C665516BC}"
EndProject
Project("{FAE04EC0-301F-11D3-BF4B-00C04F79EFBC}") = "Unity.Burst", "Unity.Burst.csproj", "{4FE19850-FC7E-0D64-7CE0-29CA98642B80}"
EndProject
Project("{FAE04EC0-301F-11D3-BF4B-00C04F79EFBC}") = "Unity.VisualScripting.Flow.Editor", "Unity.VisualScripting.Flow.Editor.csproj", "{B4BF884E-2850-E3B8-4A8B-951B507E5481}"
EndProject
Project("{FAE04EC0-301F-11D3-BF4B-00C04F79EFBC}") = "Unity.2D.SpriteShape.Editor", "Unity.2D.SpriteShape.Editor.csproj", "{A5413A05-2AB0-DE13-71D5-658F4C1C7D70}"
EndProject
Project("{FAE04EC0-301F-11D3-BF4B-00C04F79EFBC}") = "Unity.InputSystem", "Unity.InputSystem.csproj", "{EABB0EE0-9EA9-4A1A-2852-C32BF786FAA0}"
EndProject
Project("{FAE04EC0-301F-11D3-BF4B-00C04F79EFBC}") = "Unity.VisualStudio.Editor", "Unity.VisualStudio.Editor.csproj", "{99473228-2494-7129-AC8F-A3DA239DD298}"
EndProject
Project("{FAE04EC0-301F-11D3-BF4B-00C04F79EFBC}") = "PPv2URPConverters", "PPv2URPConverters.csproj", "{F1F9CEDD-6805-BC7C-1FCB-2E9F6FAE9222}"
EndProject
Project("{FAE04EC0-301F-11D3-BF4B-00C04F79EFBC}") = "Unity.2D.Animation.Editor", "Unity.2D.Animation.Editor.csproj", "{5AA0383D-FEDF-8994-BFC5-6AC609A7A1DE}"
EndProject
Project("{FAE04EC0-301F-11D3-BF4B-00C04F79EFBC}") = "Unity.Searcher.Editor", "Unity.Searcher.Editor.csproj", "{B427FA8F-95B5-993B-BD36-E361F81B8646}"
EndProject
Project("{FAE04EC0-301F-11D3-BF4B-00C04F79EFBC}") = "Unity.ResourceManager", "Unity.ResourceManager.csproj", "{0BE922F7-6007-3578-74A4-D07A76521F3E}"
EndProject
Project("{FAE04EC0-301F-11D3-BF4B-00C04F79EFBC}") = "Unity.2D.SpriteShape.Runtime", "Unity.2D.SpriteShape.Runtime.csproj", "{E304CEBB-E6F0-2F68-AD44-D2309C066EE2}"
EndProject
Project("{FAE04EC0-301F-11D3-BF4B-00C04F79EFBC}") = "UnityEditor.TestRunner", "UnityEditor.TestRunner.csproj", "{482BD30C-078E-2CBE-1B29-40DC6916F878}"
EndProject
Project("{FAE04EC0-301F-11D3-BF4B-00C04F79EFBC}") = "Unity.VisualScripting.Core", "Unity.VisualScripting.Core.csproj", "{E880E303-54C7-E2D5-25FC-AEF211EE7399}"
EndProject
Project("{FAE04EC0-301F-11D3-BF4B-00C04F79EFBC}") = "Unity.RenderPipelines.Universal.Runtime", "Unity.RenderPipelines.Universal.Runtime.csproj", "{9E05E342-D2CE-9B2E-5732-36E3172A2132}"
EndProject
Project("{FAE04EC0-301F-11D3-BF4B-00C04F79EFBC}") = "Unity.CollabProxy.Editor", "Unity.CollabProxy.Editor.csproj", "{CACED0BD-CD25-84E2-129B-83B6AFC8C7C1}"
EndProject
Project("{FAE04EC0-301F-11D3-BF4B-00C04F79EFBC}") = "Unity.VisualScripting.State.Editor", "Unity.VisualScripting.State.Editor.csproj", "{2900D032-C9A0-6A17-B656-7A041102D13D}"
EndProject
Project("{FAE04EC0-301F-11D3-BF4B-00C04F79EFBC}") = "Unity.Burst.CodeGen", "Unity.Burst.CodeGen.csproj", "{5A7B4A8C-E24A-6D02-E3C0-3BC3B7C40FFD}"
EndProject
Project("{FAE04EC0-301F-11D3-BF4B-00C04F79EFBC}") = "Unity.Addressables.Editor.Tests.DocExampleCode", "Unity.Addressables.Editor.Tests.DocExampleCode.csproj", "{7BBFF1D3-0020-82D5-9B01-FBE2361521BC}"
EndProject
Project("{FAE04EC0-301F-11D3-BF4B-00C04F79EFBC}") = "Unity.VisualScripting.Flow", "Unity.VisualScripting.Flow.csproj", "{333DF29B-A5AC-5CD7-A08E-4D9B76A73C7F}"
EndProject
Project("{FAE04EC0-301F-11D3-BF4B-00C04F79EFBC}") = "Unity.PerformanceTesting", "Unity.PerformanceTesting.csproj", "{1D5AA872-6F97-9E3F-46C5-182B72EB1650}"
EndProject
Project("{FAE04EC0-301F-11D3-BF4B-00C04F79EFBC}") = "Unity.2D.Tilemap.Extras.Editor", "Unity.2D.Tilemap.Extras.Editor.csproj", "{91BFE628-CA40-FB5F-418A-0792C7505A52}"
EndProject
Project("{FAE04EC0-301F-11D3-BF4B-00C04F79EFBC}") = "Unity.TextMeshPro", "Unity.TextMeshPro.csproj", "{052C2EFE-2963-5372-7887-665B1ADED206}"
EndProject
Project("{FAE04EC0-301F-11D3-BF4B-00C04F79EFBC}") = "Unity.TextMeshPro.Editor", "Unity.TextMeshPro.Editor.csproj", "{3844CB51-5F4D-164C-AF93-8A6D2B544F91}"
EndProject
Project("{FAE04EC0-301F-11D3-BF4B-00C04F79EFBC}") = "Unity.Rendering.LightTransport.Runtime", "Unity.Rendering.LightTransport.Runtime.csproj", "{42A68A8A-F0CC-5D68-FFE7-2E8DE23AFFF2}"
EndProject
Project("{FAE04EC0-301F-11D3-BF4B-00C04F79EFBC}") = "PsdPlugin", "PsdPlugin.csproj", "{B584950E-BAE8-2436-E9B8-B6EEDF351CE5}"
EndProject
Project("{FAE04EC0-301F-11D3-BF4B-00C04F79EFBC}") = "Unity.2D.IK.Editor", "Unity.2D.IK.Editor.csproj", "{EC214CEB-1C5F-CF07-FAF9-04F621DBDD73}"
EndProject
Project("{FAE04EC0-301F-11D3-BF4B-00C04F79EFBC}") = "Unity.InternalAPIEngineBridge.001", "Unity.InternalAPIEngineBridge.001.csproj", "{EA809A8D-7920-D3E8-C6E9-EDA2650FF632}"
EndProject
Project("{FAE04EC0-301F-11D3-BF4B-00C04F79EFBC}") = "Unity.2D.Aseprite.Common", "Unity.2D.Aseprite.Common.csproj", "{1CC7DB60-7629-7271-DBDF-62D0A71D6C2C}"
EndProject
Project("{FAE04EC0-301F-11D3-BF4B-00C04F79EFBC}") = "Unity.Burst.Editor", "Unity.Burst.Editor.csproj", "{19A318A4-D721-200A-8B47-FE3EF0D418F3}"
EndProject
Project("{FAE04EC0-301F-11D3-BF4B-00C04F79EFBC}") = "Unity.2D.Common.Path.Editor", "Unity.2D.Common.Path.Editor.csproj", "{44BF8DA0-C29B-4404-AB46-B01C9B0D846A}"
EndProject
Project("{FAE04EC0-301F-11D3-BF4B-00C04F79EFBC}") = "Unity.2D.Common.Editor", "Unity.2D.Common.Editor.csproj", "{2EDD319B-FD7D-AEE5-5E33-6C058CBF6255}"
EndProject
Project("{FAE04EC0-301F-11D3-BF4B-00C04F79EFBC}") = "Unity.Rider.Editor", "Unity.Rider.Editor.csproj", "{01B317B7-9431-6D12-7DEF-33BC154179B7}"
EndProject
Project("{FAE04EC0-301F-11D3-BF4B-00C04F79EFBC}") = "Unity.VisualScripting.State", "Unity.VisualScripting.State.csproj", "{C4858EEA-D0E7-FF99-FFD3-067F3B8049F6}"
EndProject
Project("{FAE04EC0-301F-11D3-BF4B-00C04F79EFBC}") = "Unity.InternalAPIEditorBridge.001", "Unity.InternalAPIEditorBridge.001.csproj", "{D809E595-552E-858B-2AB2-5FEF0E11D560}"
EndProject
Project("{FAE04EC0-301F-11D3-BF4B-00C04F79EFBC}") = "Assembly-CSharp-Editor-firstpass", "Assembly-CSharp-Editor-firstpass.csproj", "{6257B54D-22C2-7949-1B2D-2770075BF45D}"
EndProject
Project("{FAE04EC0-301F-11D3-BF4B-00C04F79EFBC}") = "UnityEditor.UI", "UnityEditor.UI.csproj", "{3B136898-B183-D946-A75D-B0E5C36D9834}"
EndProject
Project("{FAE04EC0-301F-11D3-BF4B-00C04F79EFBC}") = "Unity.2D.PixelPerfect.Editor", "Unity.2D.PixelPerfect.Editor.csproj", "{00A74A0E-CA63-819F-F288-4DFFAEE81774}"
EndProject
Project("{FAE04EC0-301F-11D3-BF4B-00C04F79EFBC}") = "Unity.2D.Sprite.Editor", "Unity.2D.Sprite.Editor.csproj", "{3138C615-DCFB-EC1A-89C7-60237956873D}"
EndProject
Project("{FAE04EC0-301F-11D3-BF4B-00C04F79EFBC}") = "Unity.Multiplayer.Center.Common", "Unity.Multiplayer.Center.Common.csproj", "{2E21690A-F30B-DFF6-19C0-4F6A4C674325}"
EndProject
Project("{FAE04EC0-301F-11D3-BF4B-00C04F79EFBC}") = "Unity.InputSystem.ForUI", "Unity.InputSystem.ForUI.csproj", "{FB1C231E-2A59-5A4F-92F6-854A658C4881}"
EndProject
Project("{FAE04EC0-301F-11D3-BF4B-00C04F79EFBC}") = "Unity.Collections.CodeGen", "Unity.Collections.CodeGen.csproj", "{1D86A6DF-30AD-2820-7C7B-B15AF560E58A}"
EndProject
Project("{FAE04EC0-301F-11D3-BF4B-00C04F79EFBC}") = "Unity.2D.Tilemap.Extras", "Unity.2D.Tilemap.Extras.csproj", "{68FB79EE-B86C-11F3-D2C0-1B0211A552A9}"
EndProject
Project("{FAE04EC0-301F-11D3-BF4B-00C04F79EFBC}") = "Unity.Addressables", "Unity.Addressables.csproj", "{8539A47E-E2F3-FD33-891E-8F3F280EB2AB}"
EndProject
Project("{FAE04EC0-301F-11D3-BF4B-00C04F79EFBC}") = "Unity.2D.Animation.Runtime", "Unity.2D.Animation.Runtime.csproj", "{C2349190-4AB6-7801-8E9F-CCE0292CEBB3}"
EndProject
Project("{FAE04EC0-301F-11D3-BF4B-00C04F79EFBC}") = "Unity.Mathematics.Editor", "Unity.Mathematics.Editor.csproj", "{95DBF50D-AC53-3024-44B2-D856E1CEC8FD}"
EndProject
Project("{FAE04EC0-301F-11D3-BF4B-00C04F79EFBC}") = "Unity.VisualScripting.SettingsProvider.Editor", "Unity.VisualScripting.SettingsProvider.Editor.csproj", "{ABBC0A25-7611-7331-1E9B-D2A6180A355A}"
EndProject
Project("{FAE04EC0-301F-11D3-BF4B-00C04F79EFBC}") = "Unity.InputSystem.TestFramework", "Unity.InputSystem.TestFramework.csproj", "{911B1569-7FE2-5E24-2290-370D48B78666}"
EndProject
Project("{FAE04EC0-301F-11D3-BF4B-00C04F79EFBC}") = "Unity.ShaderGraph.Utilities", "Unity.ShaderGraph.Utilities.csproj", "{B87E7AE1-6E85-36D4-6349-F6A4340EF340}"
EndProject
Project("{FAE04EC0-301F-11D3-BF4B-00C04F79EFBC}") = "Assembly-CSharp", "Assembly-CSharp.csproj", "{7B9C942F-B2D5-D85E-9B6D-15F1CBFBB555}"
EndProject
Project("{FAE04EC0-301F-11D3-BF4B-00C04F79EFBC}") = "Unity.VisualScripting.Shared.Editor", "Unity.VisualScripting.Shared.Editor.csproj", "{D4449810-B075-E1CD-BB9D-32E51DC723B6}"
EndProject
Project("{FAE04EC0-301F-11D3-BF4B-00C04F79EFBC}") = "Unity.Profiling.Core", "Unity.Profiling.Core.csproj", "{C05DB5E7-F61F-C46C-0208-650FF91D1FA2}"
EndProject
Project("{FAE04EC0-301F-11D3-BF4B-00C04F79EFBC}") = "Unity.RenderPipeline.Universal.ShaderLibrary", "Unity.RenderPipeline.Universal.ShaderLibrary.csproj", "{6F9300F7-7621-585C-6853-43F3BF37C2E9}"
EndProject
Project("{FAE04EC0-301F-11D3-BF4B-00C04F79EFBC}") = "Unity.2D.Common.Runtime", "Unity.2D.Common.Runtime.csproj", "{F0FF2E1F-A713-1C4F-0AF1-FDDBADD30AEA}"
EndProject
Project("{FAE04EC0-301F-11D3-BF4B-00C04F79EFBC}") = "Unity.2D.PixelPerfect", "Unity.2D.PixelPerfect.csproj", "{BF709684-781D-5007-0DE6-748E51601634}"
EndProject
Project("{FAE04EC0-301F-11D3-BF4B-00C04F79EFBC}") = "Unity.Rendering.LightTransport.Editor", "Unity.Rendering.LightTransport.Editor.csproj", "{46372912-A76B-9495-4F8D-89144B0C3DB4}"
EndProject
Project("{FAE04EC0-301F-11D3-BF4B-00C04F79EFBC}") = "Unity.RenderPipelines.Universal.Shaders", "Unity.RenderPipelines.Universal.Shaders.csproj", "{3C8B1616-3671-158C-9379-5564E59180BA}"
EndProject
Project("{FAE04EC0-301F-11D3-BF4B-00C04F79EFBC}") = "Unity.RenderPipelines.Core.Runtime.Shared", "Unity.RenderPipelines.Core.Runtime.Shared.csproj", "{A31BBEE9-9C7F-809B-6100-3EA83F1FCAA6}"
EndProject
Project("{FAE04EC0-301F-11D3-BF4B-00C04F79EFBC}") = "ScriptablePacker", "ScriptablePacker.csproj", "{74974CF7-5EDB-AB04-FE17-256282D8B813}"
EndProject
Project("{FAE04EC0-301F-11D3-BF4B-00C04F79EFBC}") = "Assembly-CSharp-Editor", "Assembly-CSharp-Editor.csproj", "{D88BEFA2-15D1-F956-C209-A0E0B781D053}"
EndProject
Project("{FAE04EC0-301F-11D3-BF4B-00C04F79EFBC}") = "Unity.ScriptableBuildPipeline", "Unity.ScriptableBuildPipeline.csproj", "{1ADA381D-2CE9-588D-09F2-6F5EC38832ED}"
EndProject
Project("{FAE04EC0-301F-11D3-BF4B-00C04F79EFBC}") = "Unity.PlasticSCM.Editor.Entities", "Unity.PlasticSCM.Editor.Entities.csproj", "{4CE9A68D-EB0C-548A-B65C-CAE9668653DA}"
EndProject
Project("{FAE04EC0-301F-11D3-BF4B-00C04F79EFBC}") = "Unity.Collections.Editor", "Unity.Collections.Editor.csproj", "{BF5278FC-ECC6-9338-CC9B-45A60AA85E13}"
EndProject
Project("{FAE04EC0-301F-11D3-BF4B-00C04F79EFBC}") = "Unity.RenderPipelines.Universal.Config.Runtime", "Unity.RenderPipelines.Universal.Config.Runtime.csproj", "{C21A3C37-24AB-F619-2B6D-FF605DBA19B6}"
EndProject
Project("{FAE04EC0-301F-11D3-BF4B-00C04F79EFBC}") = "Unity.RenderPipelines.ShaderGraph.ShaderGraphLibrary", "Unity.RenderPipelines.ShaderGraph.ShaderGraphLibrary.csproj", "{A54965FF-1DEC-182D-F0AC-B1DE927576F1}"
EndProject
Project("{FAE04EC0-301F-11D3-BF4B-00C04F79EFBC}") = "Unity.RenderPipelines.Core.ShaderLibrary", "Unity.RenderPipelines.Core.ShaderLibrary.csproj", "{EA510D7A-3F3B-7A69-F3E7-3BDA90C5BFB2}"
EndProject
Project("{FAE04EC0-301F-11D3-BF4B-00C04F79EFBC}") = "Unity.RenderPipelines.Core.Editor.Shared", "Unity.RenderPipelines.Core.Editor.Shared.csproj", "{6FE38DB4-C4A5-F404-7A0C-54A34280F15A}"
EndProject
Global
	GlobalSection(SolutionConfigurationPlatforms) = preSolution
		Debug|Any CPU = Debug|Any CPU
		Release|Any CPU = Release|Any CPU
	EndGlobalSection
	GlobalSection(ProjectConfigurationPlatforms) = postSolution
		{6BA84003-A2E9-8360-DDB7-4C72B334FB05}.Debug|Any CPU.ActiveCfg = Debug|Any CPU
		{6BA84003-A2E9-8360-DDB7-4C72B334FB05}.Debug|Any CPU.Build.0 = Debug|Any CPU
		{6BA84003-A2E9-8360-DDB7-4C72B334FB05}.Release|Any CPU.ActiveCfg = Release|Any CPU
		{6BA84003-A2E9-8360-DDB7-4C72B334FB05}.Release|Any CPU.Build.0 = Release|Any CPU
		{9A898E97-58D6-3B24-6736-36101CF494D9}.Debug|Any CPU.ActiveCfg = Debug|Any CPU
		{9A898E97-58D6-3B24-6736-36101CF494D9}.Debug|Any CPU.Build.0 = Debug|Any CPU
		{9A898E97-58D6-3B24-6736-36101CF494D9}.Release|Any CPU.ActiveCfg = Release|Any CPU
		{9A898E97-58D6-3B24-6736-36101CF494D9}.Release|Any CPU.Build.0 = Release|Any CPU
		{AA75E73D-9FE4-0CB9-2329-681C9A4619CB}.Debug|Any CPU.ActiveCfg = Debug|Any CPU
		{AA75E73D-9FE4-0CB9-2329-681C9A4619CB}.Debug|Any CPU.Build.0 = Debug|Any CPU
		{AA75E73D-9FE4-0CB9-2329-681C9A4619CB}.Release|Any CPU.ActiveCfg = Release|Any CPU
		{AA75E73D-9FE4-0CB9-2329-681C9A4619CB}.Release|Any CPU.Build.0 = Release|Any CPU
		{C68F9ACB-1437-B398-E626-73905D011F6E}.Debug|Any CPU.ActiveCfg = Debug|Any CPU
		{C68F9ACB-1437-B398-E626-73905D011F6E}.Debug|Any CPU.Build.0 = Debug|Any CPU
		{C68F9ACB-1437-B398-E626-73905D011F6E}.Release|Any CPU.ActiveCfg = Release|Any CPU
		{C68F9ACB-1437-B398-E626-73905D011F6E}.Release|Any CPU.Build.0 = Release|Any CPU
		{B2811BEA-644C-D089-F1C6-CF1A1A1DA9EB}.Debug|Any CPU.ActiveCfg = Debug|Any CPU
		{B2811BEA-644C-D089-F1C6-CF1A1A1DA9EB}.Debug|Any CPU.Build.0 = Debug|Any CPU
		{B2811BEA-644C-D089-F1C6-CF1A1A1DA9EB}.Release|Any CPU.ActiveCfg = Release|Any CPU
		{B2811BEA-644C-D089-F1C6-CF1A1A1DA9EB}.Release|Any CPU.Build.0 = Release|Any CPU
		{255BFFAB-DF4F-BE21-D9A4-2546ADECC41B}.Debug|Any CPU.ActiveCfg = Debug|Any CPU
		{255BFFAB-DF4F-BE21-D9A4-2546ADECC41B}.Debug|Any CPU.Build.0 = Debug|Any CPU
		{255BFFAB-DF4F-BE21-D9A4-2546ADECC41B}.Release|Any CPU.ActiveCfg = Release|Any CPU
		{255BFFAB-DF4F-BE21-D9A4-2546ADECC41B}.Release|Any CPU.Build.0 = Release|Any CPU
		{1A1C83E3-8953-A437-4583-89F91F281507}.Debug|Any CPU.ActiveCfg = Debug|Any CPU
		{1A1C83E3-8953-A437-4583-89F91F281507}.Debug|Any CPU.Build.0 = Debug|Any CPU
		{1A1C83E3-8953-A437-4583-89F91F281507}.Release|Any CPU.ActiveCfg = Release|Any CPU
		{1A1C83E3-8953-A437-4583-89F91F281507}.Release|Any CPU.Build.0 = Release|Any CPU
		{D7515BC8-0A5C-048B-4916-04E5BFC55676}.Debug|Any CPU.ActiveCfg = Debug|Any CPU
		{D7515BC8-0A5C-048B-4916-04E5BFC55676}.Debug|Any CPU.Build.0 = Debug|Any CPU
		{D7515BC8-0A5C-048B-4916-04E5BFC55676}.Release|Any CPU.ActiveCfg = Release|Any CPU
		{D7515BC8-0A5C-048B-4916-04E5BFC55676}.Release|Any CPU.Build.0 = Release|Any CPU
		{82D384E6-869A-BA4C-A663-DC29681A9FCA}.Debug|Any CPU.ActiveCfg = Debug|Any CPU
		{82D384E6-869A-BA4C-A663-DC29681A9FCA}.Debug|Any CPU.Build.0 = Debug|Any CPU
		{82D384E6-869A-BA4C-A663-DC29681A9FCA}.Release|Any CPU.ActiveCfg = Release|Any CPU
		{82D384E6-869A-BA4C-A663-DC29681A9FCA}.Release|Any CPU.Build.0 = Release|Any CPU
		{787BCFA6-B4D7-39E4-9482-430209E65D79}.Debug|Any CPU.ActiveCfg = Debug|Any CPU
		{787BCFA6-B4D7-39E4-9482-430209E65D79}.Debug|Any CPU.Build.0 = Debug|Any CPU
		{787BCFA6-B4D7-39E4-9482-430209E65D79}.Release|Any CPU.ActiveCfg = Release|Any CPU
		{787BCFA6-B4D7-39E4-9482-430209E65D79}.Release|Any CPU.Build.0 = Release|Any CPU
		{67CEF0E2-77AA-D163-03C4-7A9C64F82071}.Debug|Any CPU.ActiveCfg = Debug|Any CPU
		{67CEF0E2-77AA-D163-03C4-7A9C64F82071}.Debug|Any CPU.Build.0 = Debug|Any CPU
		{67CEF0E2-77AA-D163-03C4-7A9C64F82071}.Release|Any CPU.ActiveCfg = Release|Any CPU
		{67CEF0E2-77AA-D163-03C4-7A9C64F82071}.Release|Any CPU.Build.0 = Release|Any CPU
		{B4F25CF3-D6E8-A13E-6669-ED50349C59CB}.Debug|Any CPU.ActiveCfg = Debug|Any CPU
		{B4F25CF3-D6E8-A13E-6669-ED50349C59CB}.Debug|Any CPU.Build.0 = Debug|Any CPU
		{B4F25CF3-D6E8-A13E-6669-ED50349C59CB}.Release|Any CPU.ActiveCfg = Release|Any CPU
		{B4F25CF3-D6E8-A13E-6669-ED50349C59CB}.Release|Any CPU.Build.0 = Release|Any CPU
		{48989249-74D8-6EAE-A1AD-65A07AF2ABD6}.Debug|Any CPU.ActiveCfg = Debug|Any CPU
		{48989249-74D8-6EAE-A1AD-65A07AF2ABD6}.Debug|Any CPU.Build.0 = Debug|Any CPU
		{48989249-74D8-6EAE-A1AD-65A07AF2ABD6}.Release|Any CPU.ActiveCfg = Release|Any CPU
		{48989249-74D8-6EAE-A1AD-65A07AF2ABD6}.Release|Any CPU.Build.0 = Release|Any CPU
		{22A8A8C0-59E6-4A3E-F504-664A4B59FED8}.Debug|Any CPU.ActiveCfg = Debug|Any CPU
		{22A8A8C0-59E6-4A3E-F504-664A4B59FED8}.Debug|Any CPU.Build.0 = Debug|Any CPU
		{22A8A8C0-59E6-4A3E-F504-664A4B59FED8}.Release|Any CPU.ActiveCfg = Release|Any CPU
		{22A8A8C0-59E6-4A3E-F504-664A4B59FED8}.Release|Any CPU.Build.0 = Release|Any CPU
		{30CF0D43-19E9-67ED-9A89-761CCDCA55E4}.Debug|Any CPU.ActiveCfg = Debug|Any CPU
		{30CF0D43-19E9-67ED-9A89-761CCDCA55E4}.Debug|Any CPU.Build.0 = Debug|Any CPU
		{30CF0D43-19E9-67ED-9A89-761CCDCA55E4}.Release|Any CPU.ActiveCfg = Release|Any CPU
		{30CF0D43-19E9-67ED-9A89-761CCDCA55E4}.Release|Any CPU.Build.0 = Release|Any CPU
		{A83E5B4C-39C3-8C3F-67D2-7A079D5A840D}.Debug|Any CPU.ActiveCfg = Debug|Any CPU
		{A83E5B4C-39C3-8C3F-67D2-7A079D5A840D}.Debug|Any CPU.Build.0 = Debug|Any CPU
		{A83E5B4C-39C3-8C3F-67D2-7A079D5A840D}.Release|Any CPU.ActiveCfg = Release|Any CPU
		{A83E5B4C-39C3-8C3F-67D2-7A079D5A840D}.Release|Any CPU.Build.0 = Release|Any CPU
		{474A944E-17A9-9933-E450-2ABEC53800D7}.Debug|Any CPU.ActiveCfg = Debug|Any CPU
		{474A944E-17A9-9933-E450-2ABEC53800D7}.Debug|Any CPU.Build.0 = Debug|Any CPU
		{474A944E-17A9-9933-E450-2ABEC53800D7}.Release|Any CPU.ActiveCfg = Release|Any CPU
		{474A944E-17A9-9933-E450-2ABEC53800D7}.Release|Any CPU.Build.0 = Release|Any CPU
		{B854AB32-5FD1-B70F-942D-79077CF6E921}.Debug|Any CPU.ActiveCfg = Debug|Any CPU
		{B854AB32-5FD1-B70F-942D-79077CF6E921}.Debug|Any CPU.Build.0 = Debug|Any CPU
		{B854AB32-5FD1-B70F-942D-79077CF6E921}.Release|Any CPU.ActiveCfg = Release|Any CPU
		{B854AB32-5FD1-B70F-942D-79077CF6E921}.Release|Any CPU.Build.0 = Release|Any CPU
		{94DDB528-2492-9937-A568-904CA28C35F5}.Debug|Any CPU.ActiveCfg = Debug|Any CPU
		{94DDB528-2492-9937-A568-904CA28C35F5}.Debug|Any CPU.Build.0 = Debug|Any CPU
		{94DDB528-2492-9937-A568-904CA28C35F5}.Release|Any CPU.ActiveCfg = Release|Any CPU
		{94DDB528-2492-9937-A568-904CA28C35F5}.Release|Any CPU.Build.0 = Release|Any CPU
		{F3B156CE-5CC0-4980-6585-6D72AD42731C}.Debug|Any CPU.ActiveCfg = Debug|Any CPU
		{F3B156CE-5CC0-4980-6585-6D72AD42731C}.Debug|Any CPU.Build.0 = Debug|Any CPU
		{F3B156CE-5CC0-4980-6585-6D72AD42731C}.Release|Any CPU.ActiveCfg = Release|Any CPU
		{F3B156CE-5CC0-4980-6585-6D72AD42731C}.Release|Any CPU.Build.0 = Release|Any CPU
		{AEE5EF11-D077-0DB6-C096-B87BF50DDD88}.Debug|Any CPU.ActiveCfg = Debug|Any CPU
		{AEE5EF11-D077-0DB6-C096-B87BF50DDD88}.Debug|Any CPU.Build.0 = Debug|Any CPU
		{AEE5EF11-D077-0DB6-C096-B87BF50DDD88}.Release|Any CPU.ActiveCfg = Release|Any CPU
		{AEE5EF11-D077-0DB6-C096-B87BF50DDD88}.Release|Any CPU.Build.0 = Release|Any CPU
		{01F1F67C-0645-6F59-664A-608C665516BC}.Debug|Any CPU.ActiveCfg = Debug|Any CPU
		{01F1F67C-0645-6F59-664A-608C665516BC}.Debug|Any CPU.Build.0 = Debug|Any CPU
		{01F1F67C-0645-6F59-664A-608C665516BC}.Release|Any CPU.ActiveCfg = Release|Any CPU
		{01F1F67C-0645-6F59-664A-608C665516BC}.Release|Any CPU.Build.0 = Release|Any CPU
		{4FE19850-FC7E-0D64-7CE0-29CA98642B80}.Debug|Any CPU.ActiveCfg = Debug|Any CPU
		{4FE19850-FC7E-0D64-7CE0-29CA98642B80}.Debug|Any CPU.Build.0 = Debug|Any CPU
		{4FE19850-FC7E-0D64-7CE0-29CA98642B80}.Release|Any CPU.ActiveCfg = Release|Any CPU
		{4FE19850-FC7E-0D64-7CE0-29CA98642B80}.Release|Any CPU.Build.0 = Release|Any CPU
		{B4BF884E-2850-E3B8-4A8B-951B507E5481}.Debug|Any CPU.ActiveCfg = Debug|Any CPU
		{B4BF884E-2850-E3B8-4A8B-951B507E5481}.Debug|Any CPU.Build.0 = Debug|Any CPU
		{B4BF884E-2850-E3B8-4A8B-951B507E5481}.Release|Any CPU.ActiveCfg = Release|Any CPU
		{B4BF884E-2850-E3B8-4A8B-951B507E5481}.Release|Any CPU.Build.0 = Release|Any CPU
		{A5413A05-2AB0-DE13-71D5-658F4C1C7D70}.Debug|Any CPU.ActiveCfg = Debug|Any CPU
		{A5413A05-2AB0-DE13-71D5-658F4C1C7D70}.Debug|Any CPU.Build.0 = Debug|Any CPU
		{A5413A05-2AB0-DE13-71D5-658F4C1C7D70}.Release|Any CPU.ActiveCfg = Release|Any CPU
		{A5413A05-2AB0-DE13-71D5-658F4C1C7D70}.Release|Any CPU.Build.0 = Release|Any CPU
		{EABB0EE0-9EA9-4A1A-2852-C32BF786FAA0}.Debug|Any CPU.ActiveCfg = Debug|Any CPU
		{EABB0EE0-9EA9-4A1A-2852-C32BF786FAA0}.Debug|Any CPU.Build.0 = Debug|Any CPU
		{EABB0EE0-9EA9-4A1A-2852-C32BF786FAA0}.Release|Any CPU.ActiveCfg = Release|Any CPU
		{EABB0EE0-9EA9-4A1A-2852-C32BF786FAA0}.Release|Any CPU.Build.0 = Release|Any CPU
		{99473228-2494-7129-AC8F-A3DA239DD298}.Debug|Any CPU.ActiveCfg = Debug|Any CPU
		{99473228-2494-7129-AC8F-A3DA239DD298}.Debug|Any CPU.Build.0 = Debug|Any CPU
		{99473228-2494-7129-AC8F-A3DA239DD298}.Release|Any CPU.ActiveCfg = Release|Any CPU
		{99473228-2494-7129-AC8F-A3DA239DD298}.Release|Any CPU.Build.0 = Release|Any CPU
		{F1F9CEDD-6805-BC7C-1FCB-2E9F6FAE9222}.Debug|Any CPU.ActiveCfg = Debug|Any CPU
		{F1F9CEDD-6805-BC7C-1FCB-2E9F6FAE9222}.Debug|Any CPU.Build.0 = Debug|Any CPU
		{F1F9CEDD-6805-BC7C-1FCB-2E9F6FAE9222}.Release|Any CPU.ActiveCfg = Release|Any CPU
		{F1F9CEDD-6805-BC7C-1FCB-2E9F6FAE9222}.Release|Any CPU.Build.0 = Release|Any CPU
		{5AA0383D-FEDF-8994-BFC5-6AC609A7A1DE}.Debug|Any CPU.ActiveCfg = Debug|Any CPU
		{5AA0383D-FEDF-8994-BFC5-6AC609A7A1DE}.Debug|Any CPU.Build.0 = Debug|Any CPU
		{5AA0383D-FEDF-8994-BFC5-6AC609A7A1DE}.Release|Any CPU.ActiveCfg = Release|Any CPU
		{5AA0383D-FEDF-8994-BFC5-6AC609A7A1DE}.Release|Any CPU.Build.0 = Release|Any CPU
		{B427FA8F-95B5-993B-BD36-E361F81B8646}.Debug|Any CPU.ActiveCfg = Debug|Any CPU
		{B427FA8F-95B5-993B-BD36-E361F81B8646}.Debug|Any CPU.Build.0 = Debug|Any CPU
		{B427FA8F-95B5-993B-BD36-E361F81B8646}.Release|Any CPU.ActiveCfg = Release|Any CPU
		{B427FA8F-95B5-993B-BD36-E361F81B8646}.Release|Any CPU.Build.0 = Release|Any CPU
		{0BE922F7-6007-3578-74A4-D07A76521F3E}.Debug|Any CPU.ActiveCfg = Debug|Any CPU
		{0BE922F7-6007-3578-74A4-D07A76521F3E}.Debug|Any CPU.Build.0 = Debug|Any CPU
		{0BE922F7-6007-3578-74A4-D07A76521F3E}.Release|Any CPU.ActiveCfg = Release|Any CPU
		{0BE922F7-6007-3578-74A4-D07A76521F3E}.Release|Any CPU.Build.0 = Release|Any CPU
		{E304CEBB-E6F0-2F68-AD44-D2309C066EE2}.Debug|Any CPU.ActiveCfg = Debug|Any CPU
		{E304CEBB-E6F0-2F68-AD44-D2309C066EE2}.Debug|Any CPU.Build.0 = Debug|Any CPU
		{E304CEBB-E6F0-2F68-AD44-D2309C066EE2}.Release|Any CPU.ActiveCfg = Release|Any CPU
		{E304CEBB-E6F0-2F68-AD44-D2309C066EE2}.Release|Any CPU.Build.0 = Release|Any CPU
		{482BD30C-078E-2CBE-1B29-40DC6916F878}.Debug|Any CPU.ActiveCfg = Debug|Any CPU
		{482BD30C-078E-2CBE-1B29-40DC6916F878}.Debug|Any CPU.Build.0 = Debug|Any CPU
		{482BD30C-078E-2CBE-1B29-40DC6916F878}.Release|Any CPU.ActiveCfg = Release|Any CPU
		{482BD30C-078E-2CBE-1B29-40DC6916F878}.Release|Any CPU.Build.0 = Release|Any CPU
		{E880E303-54C7-E2D5-25FC-AEF211EE7399}.Debug|Any CPU.ActiveCfg = Debug|Any CPU
		{E880E303-54C7-E2D5-25FC-AEF211EE7399}.Debug|Any CPU.Build.0 = Debug|Any CPU
		{E880E303-54C7-E2D5-25FC-AEF211EE7399}.Release|Any CPU.ActiveCfg = Release|Any CPU
		{E880E303-54C7-E2D5-25FC-AEF211EE7399}.Release|Any CPU.Build.0 = Release|Any CPU
		{9E05E342-D2CE-9B2E-5732-36E3172A2132}.Debug|Any CPU.ActiveCfg = Debug|Any CPU
		{9E05E342-D2CE-9B2E-5732-36E3172A2132}.Debug|Any CPU.Build.0 = Debug|Any CPU
		{9E05E342-D2CE-9B2E-5732-36E3172A2132}.Release|Any CPU.ActiveCfg = Release|Any CPU
		{9E05E342-D2CE-9B2E-5732-36E3172A2132}.Release|Any CPU.Build.0 = Release|Any CPU
		{CACED0BD-CD25-84E2-129B-83B6AFC8C7C1}.Debug|Any CPU.ActiveCfg = Debug|Any CPU
		{CACED0BD-CD25-84E2-129B-83B6AFC8C7C1}.Debug|Any CPU.Build.0 = Debug|Any CPU
		{CACED0BD-CD25-84E2-129B-83B6AFC8C7C1}.Release|Any CPU.ActiveCfg = Release|Any CPU
		{CACED0BD-CD25-84E2-129B-83B6AFC8C7C1}.Release|Any CPU.Build.0 = Release|Any CPU
		{2900D032-C9A0-6A17-B656-7A041102D13D}.Debug|Any CPU.ActiveCfg = Debug|Any CPU
		{2900D032-C9A0-6A17-B656-7A041102D13D}.Debug|Any CPU.Build.0 = Debug|Any CPU
		{2900D032-C9A0-6A17-B656-7A041102D13D}.Release|Any CPU.ActiveCfg = Release|Any CPU
		{2900D032-C9A0-6A17-B656-7A041102D13D}.Release|Any CPU.Build.0 = Release|Any CPU
		{5A7B4A8C-E24A-6D02-E3C0-3BC3B7C40FFD}.Debug|Any CPU.ActiveCfg = Debug|Any CPU
		{5A7B4A8C-E24A-6D02-E3C0-3BC3B7C40FFD}.Debug|Any CPU.Build.0 = Debug|Any CPU
		{5A7B4A8C-E24A-6D02-E3C0-3BC3B7C40FFD}.Release|Any CPU.ActiveCfg = Release|Any CPU
		{5A7B4A8C-E24A-6D02-E3C0-3BC3B7C40FFD}.Release|Any CPU.Build.0 = Release|Any CPU
		{7BBFF1D3-0020-82D5-9B01-FBE2361521BC}.Debug|Any CPU.ActiveCfg = Debug|Any CPU
		{7BBFF1D3-0020-82D5-9B01-FBE2361521BC}.Debug|Any CPU.Build.0 = Debug|Any CPU
		{7BBFF1D3-0020-82D5-9B01-FBE2361521BC}.Release|Any CPU.ActiveCfg = Release|Any CPU
		{7BBFF1D3-0020-82D5-9B01-FBE2361521BC}.Release|Any CPU.Build.0 = Release|Any CPU
		{333DF29B-A5AC-5CD7-A08E-4D9B76A73C7F}.Debug|Any CPU.ActiveCfg = Debug|Any CPU
		{333DF29B-A5AC-5CD7-A08E-4D9B76A73C7F}.Debug|Any CPU.Build.0 = Debug|Any CPU
		{333DF29B-A5AC-5CD7-A08E-4D9B76A73C7F}.Release|Any CPU.ActiveCfg = Release|Any CPU
		{333DF29B-A5AC-5CD7-A08E-4D9B76A73C7F}.Release|Any CPU.Build.0 = Release|Any CPU
		{1D5AA872-6F97-9E3F-46C5-182B72EB1650}.Debug|Any CPU.ActiveCfg = Debug|Any CPU
		{1D5AA872-6F97-9E3F-46C5-182B72EB1650}.Debug|Any CPU.Build.0 = Debug|Any CPU
		{1D5AA872-6F97-9E3F-46C5-182B72EB1650}.Release|Any CPU.ActiveCfg = Release|Any CPU
		{1D5AA872-6F97-9E3F-46C5-182B72EB1650}.Release|Any CPU.Build.0 = Release|Any CPU
		{91BFE628-CA40-FB5F-418A-0792C7505A52}.Debug|Any CPU.ActiveCfg = Debug|Any CPU
		{91BFE628-CA40-FB5F-418A-0792C7505A52}.Debug|Any CPU.Build.0 = Debug|Any CPU
		{91BFE628-CA40-FB5F-418A-0792C7505A52}.Release|Any CPU.ActiveCfg = Release|Any CPU
		{91BFE628-CA40-FB5F-418A-0792C7505A52}.Release|Any CPU.Build.0 = Release|Any CPU
		{052C2EFE-2963-5372-7887-665B1ADED206}.Debug|Any CPU.ActiveCfg = Debug|Any CPU
		{052C2EFE-2963-5372-7887-665B1ADED206}.Debug|Any CPU.Build.0 = Debug|Any CPU
		{052C2EFE-2963-5372-7887-665B1ADED206}.Release|Any CPU.ActiveCfg = Release|Any CPU
		{052C2EFE-2963-5372-7887-665B1ADED206}.Release|Any CPU.Build.0 = Release|Any CPU
		{3844CB51-5F4D-164C-AF93-8A6D2B544F91}.Debug|Any CPU.ActiveCfg = Debug|Any CPU
		{3844CB51-5F4D-164C-AF93-8A6D2B544F91}.Debug|Any CPU.Build.0 = Debug|Any CPU
		{3844CB51-5F4D-164C-AF93-8A6D2B544F91}.Release|Any CPU.ActiveCfg = Release|Any CPU
		{3844CB51-5F4D-164C-AF93-8A6D2B544F91}.Release|Any CPU.Build.0 = Release|Any CPU
		{42A68A8A-F0CC-5D68-FFE7-2E8DE23AFFF2}.Debug|Any CPU.ActiveCfg = Debug|Any CPU
		{42A68A8A-F0CC-5D68-FFE7-2E8DE23AFFF2}.Debug|Any CPU.Build.0 = Debug|Any CPU
		{42A68A8A-F0CC-5D68-FFE7-2E8DE23AFFF2}.Release|Any CPU.ActiveCfg = Release|Any CPU
		{42A68A8A-F0CC-5D68-FFE7-2E8DE23AFFF2}.Release|Any CPU.Build.0 = Release|Any CPU
		{B584950E-BAE8-2436-E9B8-B6EEDF351CE5}.Debug|Any CPU.ActiveCfg = Debug|Any CPU
		{B584950E-BAE8-2436-E9B8-B6EEDF351CE5}.Debug|Any CPU.Build.0 = Debug|Any CPU
		{B584950E-BAE8-2436-E9B8-B6EEDF351CE5}.Release|Any CPU.ActiveCfg = Release|Any CPU
		{B584950E-BAE8-2436-E9B8-B6EEDF351CE5}.Release|Any CPU.Build.0 = Release|Any CPU
		{EC214CEB-1C5F-CF07-FAF9-04F621DBDD73}.Debug|Any CPU.ActiveCfg = Debug|Any CPU
		{EC214CEB-1C5F-CF07-FAF9-04F621DBDD73}.Debug|Any CPU.Build.0 = Debug|Any CPU
		{EC214CEB-1C5F-CF07-FAF9-04F621DBDD73}.Release|Any CPU.ActiveCfg = Release|Any CPU
		{EC214CEB-1C5F-CF07-FAF9-04F621DBDD73}.Release|Any CPU.Build.0 = Release|Any CPU
		{EA809A8D-7920-D3E8-C6E9-EDA2650FF632}.Debug|Any CPU.ActiveCfg = Debug|Any CPU
		{EA809A8D-7920-D3E8-C6E9-EDA2650FF632}.Debug|Any CPU.Build.0 = Debug|Any CPU
		{EA809A8D-7920-D3E8-C6E9-EDA2650FF632}.Release|Any CPU.ActiveCfg = Release|Any CPU
		{EA809A8D-7920-D3E8-C6E9-EDA2650FF632}.Release|Any CPU.Build.0 = Release|Any CPU
		{1CC7DB60-7629-7271-DBDF-62D0A71D6C2C}.Debug|Any CPU.ActiveCfg = Debug|Any CPU
		{1CC7DB60-7629-7271-DBDF-62D0A71D6C2C}.Debug|Any CPU.Build.0 = Debug|Any CPU
		{1CC7DB60-7629-7271-DBDF-62D0A71D6C2C}.Release|Any CPU.ActiveCfg = Release|Any CPU
		{1CC7DB60-7629-7271-DBDF-62D0A71D6C2C}.Release|Any CPU.Build.0 = Release|Any CPU
		{19A318A4-D721-200A-8B47-FE3EF0D418F3}.Debug|Any CPU.ActiveCfg = Debug|Any CPU
		{19A318A4-D721-200A-8B47-FE3EF0D418F3}.Debug|Any CPU.Build.0 = Debug|Any CPU
		{19A318A4-D721-200A-8B47-FE3EF0D418F3}.Release|Any CPU.ActiveCfg = Release|Any CPU
		{19A318A4-D721-200A-8B47-FE3EF0D418F3}.Release|Any CPU.Build.0 = Release|Any CPU
		{44BF8DA0-C29B-4404-AB46-B01C9B0D846A}.Debug|Any CPU.ActiveCfg = Debug|Any CPU
		{44BF8DA0-C29B-4404-AB46-B01C9B0D846A}.Debug|Any CPU.Build.0 = Debug|Any CPU
		{44BF8DA0-C29B-4404-AB46-B01C9B0D846A}.Release|Any CPU.ActiveCfg = Release|Any CPU
		{44BF8DA0-C29B-4404-AB46-B01C9B0D846A}.Release|Any CPU.Build.0 = Release|Any CPU
		{2EDD319B-FD7D-AEE5-5E33-6C058CBF6255}.Debug|Any CPU.ActiveCfg = Debug|Any CPU
		{2EDD319B-FD7D-AEE5-5E33-6C058CBF6255}.Debug|Any CPU.Build.0 = Debug|Any CPU
		{2EDD319B-FD7D-AEE5-5E33-6C058CBF6255}.Release|Any CPU.ActiveCfg = Release|Any CPU
		{2EDD319B-FD7D-AEE5-5E33-6C058CBF6255}.Release|Any CPU.Build.0 = Release|Any CPU
		{01B317B7-9431-6D12-7DEF-33BC154179B7}.Debug|Any CPU.ActiveCfg = Debug|Any CPU
		{01B317B7-9431-6D12-7DEF-33BC154179B7}.Debug|Any CPU.Build.0 = Debug|Any CPU
		{01B317B7-9431-6D12-7DEF-33BC154179B7}.Release|Any CPU.ActiveCfg = Release|Any CPU
		{01B317B7-9431-6D12-7DEF-33BC154179B7}.Release|Any CPU.Build.0 = Release|Any CPU
		{C4858EEA-D0E7-FF99-FFD3-067F3B8049F6}.Debug|Any CPU.ActiveCfg = Debug|Any CPU
		{C4858EEA-D0E7-FF99-FFD3-067F3B8049F6}.Debug|Any CPU.Build.0 = Debug|Any CPU
		{C4858EEA-D0E7-FF99-FFD3-067F3B8049F6}.Release|Any CPU.ActiveCfg = Release|Any CPU
		{C4858EEA-D0E7-FF99-FFD3-067F3B8049F6}.Release|Any CPU.Build.0 = Release|Any CPU
		{D809E595-552E-858B-2AB2-5FEF0E11D560}.Debug|Any CPU.ActiveCfg = Debug|Any CPU
		{D809E595-552E-858B-2AB2-5FEF0E11D560}.Debug|Any CPU.Build.0 = Debug|Any CPU
		{D809E595-552E-858B-2AB2-5FEF0E11D560}.Release|Any CPU.ActiveCfg = Release|Any CPU
		{D809E595-552E-858B-2AB2-5FEF0E11D560}.Release|Any CPU.Build.0 = Release|Any CPU
		{6257B54D-22C2-7949-1B2D-2770075BF45D}.Debug|Any CPU.ActiveCfg = Debug|Any CPU
		{6257B54D-22C2-7949-1B2D-2770075BF45D}.Debug|Any CPU.Build.0 = Debug|Any CPU
		{6257B54D-22C2-7949-1B2D-2770075BF45D}.Release|Any CPU.ActiveCfg = Release|Any CPU
		{6257B54D-22C2-7949-1B2D-2770075BF45D}.Release|Any CPU.Build.0 = Release|Any CPU
		{3B136898-B183-D946-A75D-B0E5C36D9834}.Debug|Any CPU.ActiveCfg = Debug|Any CPU
		{3B136898-B183-D946-A75D-B0E5C36D9834}.Debug|Any CPU.Build.0 = Debug|Any CPU
		{3B136898-B183-D946-A75D-B0E5C36D9834}.Release|Any CPU.ActiveCfg = Release|Any CPU
		{3B136898-B183-D946-A75D-B0E5C36D9834}.Release|Any CPU.Build.0 = Release|Any CPU
		{00A74A0E-CA63-819F-F288-4DFFAEE81774}.Debug|Any CPU.ActiveCfg = Debug|Any CPU
		{00A74A0E-CA63-819F-F288-4DFFAEE81774}.Debug|Any CPU.Build.0 = Debug|Any CPU
		{00A74A0E-CA63-819F-F288-4DFFAEE81774}.Release|Any CPU.ActiveCfg = Release|Any CPU
		{00A74A0E-CA63-819F-F288-4DFFAEE81774}.Release|Any CPU.Build.0 = Release|Any CPU
		{3138C615-DCFB-EC1A-89C7-60237956873D}.Debug|Any CPU.ActiveCfg = Debug|Any CPU
		{3138C615-DCFB-EC1A-89C7-60237956873D}.Debug|Any CPU.Build.0 = Debug|Any CPU
		{3138C615-DCFB-EC1A-89C7-60237956873D}.Release|Any CPU.ActiveCfg = Release|Any CPU
		{3138C615-DCFB-EC1A-89C7-60237956873D}.Release|Any CPU.Build.0 = Release|Any CPU
		{2E21690A-F30B-DFF6-19C0-4F6A4C674325}.Debug|Any CPU.ActiveCfg = Debug|Any CPU
		{2E21690A-F30B-DFF6-19C0-4F6A4C674325}.Debug|Any CPU.Build.0 = Debug|Any CPU
		{2E21690A-F30B-DFF6-19C0-4F6A4C674325}.Release|Any CPU.ActiveCfg = Release|Any CPU
		{2E21690A-F30B-DFF6-19C0-4F6A4C674325}.Release|Any CPU.Build.0 = Release|Any CPU
		{FB1C231E-2A59-5A4F-92F6-854A658C4881}.Debug|Any CPU.ActiveCfg = Debug|Any CPU
		{FB1C231E-2A59-5A4F-92F6-854A658C4881}.Debug|Any CPU.Build.0 = Debug|Any CPU
		{FB1C231E-2A59-5A4F-92F6-854A658C4881}.Release|Any CPU.ActiveCfg = Release|Any CPU
		{FB1C231E-2A59-5A4F-92F6-854A658C4881}.Release|Any CPU.Build.0 = Release|Any CPU
		{1D86A6DF-30AD-2820-7C7B-B15AF560E58A}.Debug|Any CPU.ActiveCfg = Debug|Any CPU
		{1D86A6DF-30AD-2820-7C7B-B15AF560E58A}.Debug|Any CPU.Build.0 = Debug|Any CPU
		{1D86A6DF-30AD-2820-7C7B-B15AF560E58A}.Release|Any CPU.ActiveCfg = Release|Any CPU
		{1D86A6DF-30AD-2820-7C7B-B15AF560E58A}.Release|Any CPU.Build.0 = Release|Any CPU
		{68FB79EE-B86C-11F3-D2C0-1B0211A552A9}.Debug|Any CPU.ActiveCfg = Debug|Any CPU
		{68FB79EE-B86C-11F3-D2C0-1B0211A552A9}.Debug|Any CPU.Build.0 = Debug|Any CPU
		{68FB79EE-B86C-11F3-D2C0-1B0211A552A9}.Release|Any CPU.ActiveCfg = Release|Any CPU
		{68FB79EE-B86C-11F3-D2C0-1B0211A552A9}.Release|Any CPU.Build.0 = Release|Any CPU
		{8539A47E-E2F3-FD33-891E-8F3F280EB2AB}.Debug|Any CPU.ActiveCfg = Debug|Any CPU
		{8539A47E-E2F3-FD33-891E-8F3F280EB2AB}.Debug|Any CPU.Build.0 = Debug|Any CPU
		{8539A47E-E2F3-FD33-891E-8F3F280EB2AB}.Release|Any CPU.ActiveCfg = Release|Any CPU
		{8539A47E-E2F3-FD33-891E-8F3F280EB2AB}.Release|Any CPU.Build.0 = Release|Any CPU
		{C2349190-4AB6-7801-8E9F-CCE0292CEBB3}.Debug|Any CPU.ActiveCfg = Debug|Any CPU
		{C2349190-4AB6-7801-8E9F-CCE0292CEBB3}.Debug|Any CPU.Build.0 = Debug|Any CPU
		{C2349190-4AB6-7801-8E9F-CCE0292CEBB3}.Release|Any CPU.ActiveCfg = Release|Any CPU
		{C2349190-4AB6-7801-8E9F-CCE0292CEBB3}.Release|Any CPU.Build.0 = Release|Any CPU
		{95DBF50D-AC53-3024-44B2-D856E1CEC8FD}.Debug|Any CPU.ActiveCfg = Debug|Any CPU
		{95DBF50D-AC53-3024-44B2-D856E1CEC8FD}.Debug|Any CPU.Build.0 = Debug|Any CPU
		{95DBF50D-AC53-3024-44B2-D856E1CEC8FD}.Release|Any CPU.ActiveCfg = Release|Any CPU
		{95DBF50D-AC53-3024-44B2-D856E1CEC8FD}.Release|Any CPU.Build.0 = Release|Any CPU
		{ABBC0A25-7611-7331-1E9B-D2A6180A355A}.Debug|Any CPU.ActiveCfg = Debug|Any CPU
		{ABBC0A25-7611-7331-1E9B-D2A6180A355A}.Debug|Any CPU.Build.0 = Debug|Any CPU
		{ABBC0A25-7611-7331-1E9B-D2A6180A355A}.Release|Any CPU.ActiveCfg = Release|Any CPU
		{ABBC0A25-7611-7331-1E9B-D2A6180A355A}.Release|Any CPU.Build.0 = Release|Any CPU
		{911B1569-7FE2-5E24-2290-370D48B78666}.Debug|Any CPU.ActiveCfg = Debug|Any CPU
		{911B1569-7FE2-5E24-2290-370D48B78666}.Debug|Any CPU.Build.0 = Debug|Any CPU
		{911B1569-7FE2-5E24-2290-370D48B78666}.Release|Any CPU.ActiveCfg = Release|Any CPU
		{911B1569-7FE2-5E24-2290-370D48B78666}.Release|Any CPU.Build.0 = Release|Any CPU
		{B87E7AE1-6E85-36D4-6349-F6A4340EF340}.Debug|Any CPU.ActiveCfg = Debug|Any CPU
		{B87E7AE1-6E85-36D4-6349-F6A4340EF340}.Debug|Any CPU.Build.0 = Debug|Any CPU
		{B87E7AE1-6E85-36D4-6349-F6A4340EF340}.Release|Any CPU.ActiveCfg = Release|Any CPU
		{B87E7AE1-6E85-36D4-6349-F6A4340EF340}.Release|Any CPU.Build.0 = Release|Any CPU
		{7B9C942F-B2D5-D85E-9B6D-15F1CBFBB555}.Debug|Any CPU.ActiveCfg = Debug|Any CPU
		{7B9C942F-B2D5-D85E-9B6D-15F1CBFBB555}.Debug|Any CPU.Build.0 = Debug|Any CPU
		{7B9C942F-B2D5-D85E-9B6D-15F1CBFBB555}.Release|Any CPU.ActiveCfg = Release|Any CPU
		{7B9C942F-B2D5-D85E-9B6D-15F1CBFBB555}.Release|Any CPU.Build.0 = Release|Any CPU
		{D4449810-B075-E1CD-BB9D-32E51DC723B6}.Debug|Any CPU.ActiveCfg = Debug|Any CPU
		{D4449810-B075-E1CD-BB9D-32E51DC723B6}.Debug|Any CPU.Build.0 = Debug|Any CPU
		{D4449810-B075-E1CD-BB9D-32E51DC723B6}.Release|Any CPU.ActiveCfg = Release|Any CPU
		{D4449810-B075-E1CD-BB9D-32E51DC723B6}.Release|Any CPU.Build.0 = Release|Any CPU
		{C05DB5E7-F61F-C46C-0208-650FF91D1FA2}.Debug|Any CPU.ActiveCfg = Debug|Any CPU
		{C05DB5E7-F61F-C46C-0208-650FF91D1FA2}.Debug|Any CPU.Build.0 = Debug|Any CPU
		{C05DB5E7-F61F-C46C-0208-650FF91D1FA2}.Release|Any CPU.ActiveCfg = Release|Any CPU
		{C05DB5E7-F61F-C46C-0208-650FF91D1FA2}.Release|Any CPU.Build.0 = Release|Any CPU
		{6F9300F7-7621-585C-6853-43F3BF37C2E9}.Debug|Any CPU.ActiveCfg = Debug|Any CPU
		{6F9300F7-7621-585C-6853-43F3BF37C2E9}.Debug|Any CPU.Build.0 = Debug|Any CPU
		{6F9300F7-7621-585C-6853-43F3BF37C2E9}.Release|Any CPU.ActiveCfg = Release|Any CPU
		{6F9300F7-7621-585C-6853-43F3BF37C2E9}.Release|Any CPU.Build.0 = Release|Any CPU
		{F0FF2E1F-A713-1C4F-0AF1-FDDBADD30AEA}.Debug|Any CPU.ActiveCfg = Debug|Any CPU
		{F0FF2E1F-A713-1C4F-0AF1-FDDBADD30AEA}.Debug|Any CPU.Build.0 = Debug|Any CPU
		{F0FF2E1F-A713-1C4F-0AF1-FDDBADD30AEA}.Release|Any CPU.ActiveCfg = Release|Any CPU
		{F0FF2E1F-A713-1C4F-0AF1-FDDBADD30AEA}.Release|Any CPU.Build.0 = Release|Any CPU
		{BF709684-781D-5007-0DE6-748E51601634}.Debug|Any CPU.ActiveCfg = Debug|Any CPU
		{BF709684-781D-5007-0DE6-748E51601634}.Debug|Any CPU.Build.0 = Debug|Any CPU
		{BF709684-781D-5007-0DE6-748E51601634}.Release|Any CPU.ActiveCfg = Release|Any CPU
		{BF709684-781D-5007-0DE6-748E51601634}.Release|Any CPU.Build.0 = Release|Any CPU
		{46372912-A76B-9495-4F8D-89144B0C3DB4}.Debug|Any CPU.ActiveCfg = Debug|Any CPU
		{46372912-A76B-9495-4F8D-89144B0C3DB4}.Debug|Any CPU.Build.0 = Debug|Any CPU
		{46372912-A76B-9495-4F8D-89144B0C3DB4}.Release|Any CPU.ActiveCfg = Release|Any CPU
		{46372912-A76B-9495-4F8D-89144B0C3DB4}.Release|Any CPU.Build.0 = Release|Any CPU
		{3C8B1616-3671-158C-9379-5564E59180BA}.Debug|Any CPU.ActiveCfg = Debug|Any CPU
		{3C8B1616-3671-158C-9379-5564E59180BA}.Debug|Any CPU.Build.0 = Debug|Any CPU
		{3C8B1616-3671-158C-9379-5564E59180BA}.Release|Any CPU.ActiveCfg = Release|Any CPU
		{3C8B1616-3671-158C-9379-5564E59180BA}.Release|Any CPU.Build.0 = Release|Any CPU
		{A31BBEE9-9C7F-809B-6100-3EA83F1FCAA6}.Debug|Any CPU.ActiveCfg = Debug|Any CPU
		{A31BBEE9-9C7F-809B-6100-3EA83F1FCAA6}.Debug|Any CPU.Build.0 = Debug|Any CPU
		{A31BBEE9-9C7F-809B-6100-3EA83F1FCAA6}.Release|Any CPU.ActiveCfg = Release|Any CPU
		{A31BBEE9-9C7F-809B-6100-3EA83F1FCAA6}.Release|Any CPU.Build.0 = Release|Any CPU
		{74974CF7-5EDB-AB04-FE17-256282D8B813}.Debug|Any CPU.ActiveCfg = Debug|Any CPU
		{74974CF7-5EDB-AB04-FE17-256282D8B813}.Debug|Any CPU.Build.0 = Debug|Any CPU
		{74974CF7-5EDB-AB04-FE17-256282D8B813}.Release|Any CPU.ActiveCfg = Release|Any CPU
		{74974CF7-5EDB-AB04-FE17-256282D8B813}.Release|Any CPU.Build.0 = Release|Any CPU
		{D88BEFA2-15D1-F956-C209-A0E0B781D053}.Debug|Any CPU.ActiveCfg = Debug|Any CPU
		{D88BEFA2-15D1-F956-C209-A0E0B781D053}.Debug|Any CPU.Build.0 = Debug|Any CPU
		{D88BEFA2-15D1-F956-C209-A0E0B781D053}.Release|Any CPU.ActiveCfg = Release|Any CPU
		{D88BEFA2-15D1-F956-C209-A0E0B781D053}.Release|Any CPU.Build.0 = Release|Any CPU
		{1ADA381D-2CE9-588D-09F2-6F5EC38832ED}.Debug|Any CPU.ActiveCfg = Debug|Any CPU
		{1ADA381D-2CE9-588D-09F2-6F5EC38832ED}.Debug|Any CPU.Build.0 = Debug|Any CPU
		{1ADA381D-2CE9-588D-09F2-6F5EC38832ED}.Release|Any CPU.ActiveCfg = Release|Any CPU
		{1ADA381D-2CE9-588D-09F2-6F5EC38832ED}.Release|Any CPU.Build.0 = Release|Any CPU
		{4CE9A68D-EB0C-548A-B65C-CAE9668653DA}.Debug|Any CPU.ActiveCfg = Debug|Any CPU
		{4CE9A68D-EB0C-548A-B65C-CAE9668653DA}.Debug|Any CPU.Build.0 = Debug|Any CPU
		{4CE9A68D-EB0C-548A-B65C-CAE9668653DA}.Release|Any CPU.ActiveCfg = Release|Any CPU
		{4CE9A68D-EB0C-548A-B65C-CAE9668653DA}.Release|Any CPU.Build.0 = Release|Any CPU
		{BF5278FC-ECC6-9338-CC9B-45A60AA85E13}.Debug|Any CPU.ActiveCfg = Debug|Any CPU
		{BF5278FC-ECC6-9338-CC9B-45A60AA85E13}.Debug|Any CPU.Build.0 = Debug|Any CPU
		{BF5278FC-ECC6-9338-CC9B-45A60AA85E13}.Release|Any CPU.ActiveCfg = Release|Any CPU
		{BF5278FC-ECC6-9338-CC9B-45A60AA85E13}.Release|Any CPU.Build.0 = Release|Any CPU
		{C21A3C37-24AB-F619-2B6D-FF605DBA19B6}.Debug|Any CPU.ActiveCfg = Debug|Any CPU
		{C21A3C37-24AB-F619-2B6D-FF605DBA19B6}.Debug|Any CPU.Build.0 = Debug|Any CPU
		{C21A3C37-24AB-F619-2B6D-FF605DBA19B6}.Release|Any CPU.ActiveCfg = Release|Any CPU
		{C21A3C37-24AB-F619-2B6D-FF605DBA19B6}.Release|Any CPU.Build.0 = Release|Any CPU
		{A54965FF-1DEC-182D-F0AC-B1DE927576F1}.Debug|Any CPU.ActiveCfg = Debug|Any CPU
		{A54965FF-1DEC-182D-F0AC-B1DE927576F1}.Debug|Any CPU.Build.0 = Debug|Any CPU
		{A54965FF-1DEC-182D-F0AC-B1DE927576F1}.Release|Any CPU.ActiveCfg = Release|Any CPU
		{A54965FF-1DEC-182D-F0AC-B1DE927576F1}.Release|Any CPU.Build.0 = Release|Any CPU
		{EA510D7A-3F3B-7A69-F3E7-3BDA90C5BFB2}.Debug|Any CPU.ActiveCfg = Debug|Any CPU
		{EA510D7A-3F3B-7A69-F3E7-3BDA90C5BFB2}.Debug|Any CPU.Build.0 = Debug|Any CPU
		{EA510D7A-3F3B-7A69-F3E7-3BDA90C5BFB2}.Release|Any CPU.ActiveCfg = Release|Any CPU
		{EA510D7A-3F3B-7A69-F3E7-3BDA90C5BFB2}.Release|Any CPU.Build.0 = Release|Any CPU
		{6FE38DB4-C4A5-F404-7A0C-54A34280F15A}.Debug|Any CPU.ActiveCfg = Debug|Any CPU
		{6FE38DB4-C4A5-F404-7A0C-54A34280F15A}.Debug|Any CPU.Build.0 = Debug|Any CPU
		{6FE38DB4-C4A5-F404-7A0C-54A34280F15A}.Release|Any CPU.ActiveCfg = Release|Any CPU
		{6FE38DB4-C4A5-F404-7A0C-54A34280F15A}.Release|Any CPU.Build.0 = Release|Any CPU
	EndGlobalSection
	GlobalSection(SolutionProperties) = preSolution
		HideSolutionNode = FALSE
	EndGlobalSection
EndGlobal
